
Microsoft Visual Studio Solution File, Format Version 12.00
# Visual Studio Version 16
VisualStudioVersion = 16.0.33423.256
MinimumVisualStudioVersion = 10.0.40219.1
Project("{8BC9CEB8-8B4A-11D0-8D11-00A0C91BC942}") = "NewWorld", "NewWorld\NewWorld.vcxproj", "{2B0C1078-4E62-4E82-8EBB-D0B54EFC977A}"
EndProject
Project("{8BC9CEB8-8B4A-11D0-8D11-00A0C91BC942}") = "01_Week", "01_Week\01_Week.vcxproj", "{CFBD7024-36A4-49F4-9DC5-1972DE6E67AD}"
EndProject
Project("{8BC9CEB8-8B4A-11D0-8D11-00A0C91BC942}") = "1_3_Payroll", "1_3_Payroll\1_3_Payroll.vcxproj", "{50011FA5-EE74-472D-BC31-CDC0B4AE9384}"
EndProject
Project("{8BC9CEB8-8B4A-11D0-8D11-00A0C91BC942}") = "2_1_DataTypes", "2_1_DataTypes\2_1_DataTypes.vcxproj", "{8F6BD428-3B49-4DE9-A168-C512FDFF5521}"
EndProject
Global
	GlobalSection(SolutionConfigurationPlatforms) = preSolution
		Debug|x64 = Debug|x64
		Debug|x86 = Debug|x86
		Release|x64 = Release|x64
		Release|x86 = Release|x86
	EndGlobalSection
	GlobalSection(ProjectConfigurationPlatforms) = postSolution
		{2B0C1078-4E62-4E82-8EBB-D0B54EFC977A}.Debug|x64.ActiveCfg = Debug|x64
		{2B0C1078-4E62-4E82-8EBB-D0B54EFC977A}.Debug|x64.Build.0 = Debug|x64
		{2B0C1078-4E62-4E82-8EBB-D0B54EFC977A}.Debug|x86.ActiveCfg = Debug|Win32
		{2B0C1078-4E62-4E82-8EBB-D0B54EFC977A}.Debug|x86.Build.0 = Debug|Win32
		{2B0C1078-4E62-4E82-8EBB-D0B54EFC977A}.Release|x64.ActiveCfg = Release|x64
		{2B0C1078-4E62-4E82-8EBB-D0B54EFC977A}.Release|x64.Build.0 = Release|x64
		{2B0C1078-4E62-4E82-8EBB-D0B54EFC977A}.Release|x86.ActiveCfg = Release|Win32
		{2B0C1078-4E62-4E82-8EBB-D0B54EFC977A}.Release|x86.Build.0 = Release|Win32
		{CFBD7024-36A4-49F4-9DC5-1972DE6E67AD}.Debug|x64.ActiveCfg = Debug|x64
		{CFBD7024-36A4-49F4-9DC5-1972DE6E67AD}.Debug|x64.Build.0 = Debug|x64
		{CFBD7024-36A4-49F4-9DC5-1972DE6E67AD}.Debug|x86.ActiveCfg = Debug|Win32
		{CFBD7024-36A4-49F4-9DC5-1972DE6E67AD}.Debug|x86.Build.0 = Debug|Win32
		{CFBD7024-36A4-49F4-9DC5-1972DE6E67AD}.Release|x64.ActiveCfg = Release|x64
		{CFBD7024-36A4-49F4-9DC5-1972DE6E67AD}.Release|x64.Build.0 = Release|x64
		{CFBD7024-36A4-49F4-9DC5-1972DE6E67AD}.Release|x86.ActiveCfg = Release|Win32
		{CFBD7024-36A4-49F4-9DC5-1972DE6E67AD}.Release|x86.Build.0 = Release|Win32
		{50011FA5-EE74-472D-BC31-CDC0B4AE9384}.Debug|x64.ActiveCfg = Debug|x64
		{50011FA5-EE74-472D-BC31-CDC0B4AE9384}.Debug|x64.Build.0 = Debug|x64
		{50011FA5-EE74-472D-BC31-CDC0B4AE9384}.Debug|x86.ActiveCfg = Debug|Win32
		{50011FA5-EE74-472D-BC31-CDC0B4AE9384}.Debug|x86.Build.0 = Debug|Win32
		{50011FA5-EE74-472D-BC31-CDC0B4AE9384}.Release|x64.ActiveCfg = Release|x64
		{50011FA5-EE74-472D-BC31-CDC0B4AE9384}.Release|x64.Build.0 = Release|x64
		{50011FA5-EE74-472D-BC31-CDC0B4AE9384}.Release|x86.ActiveCfg = Release|Win32
		{50011FA5-EE74-472D-BC31-CDC0B4AE9384}.Release|x86.Build.0 = Release|Win32
		{8F6BD428-3B49-4DE9-A168-C512FDFF5521}.Debug|x64.ActiveCfg = Debug|x64
		{8F6BD428-3B49-4DE9-A168-C512FDFF5521}.Debug|x64.Build.0 = Debug|x64
		{8F6BD428-3B49-4DE9-A168-C512FDFF5521}.Debug|x86.ActiveCfg = Debug|Win32
		{8F6BD428-3B49-4DE9-A168-C512FDFF5521}.Debug|x86.Build.0 = Debug|Win32
		{8F6BD428-3B49-4DE9-A168-C512FDFF5521}.Release|x64.ActiveCfg = Release|x64
		{8F6BD428-3B49-4DE9-A168-C512FDFF5521}.Release|x64.Build.0 = Release|x64
		{8F6BD428-3B49-4DE9-A168-C512FDFF5521}.Release|x86.ActiveCfg = Release|Win32
		{8F6BD428-3B49-4DE9-A168-C512FDFF5521}.Release|x86.Build.0 = Release|Win32
	EndGlobalSection
	GlobalSection(SolutionProperties) = preSolution
		HideSolutionNode = FALSE
	EndGlobalSection
	GlobalSection(ExtensibilityGlobals) = postSolution
		SolutionGuid = {7AD316D9-FDC3-4ECE-8B09-4A61774C55B1}
	EndGlobalSection
EndGlobal
